
Microsoft Visual Studio Solution File, Format Version 11.00
# Visual Studio 2010
Project("{FAE04EC0-301F-11D3-BF4B-00C04F79EFBC}") = "UnityEngine.UI", "UnityEngine.UI.csproj", "{4e97dac8-471b-8ebc-e6a8-7bf55a8b1a61}"
EndProject
Project("{FAE04EC0-301F-11D3-BF4B-00C04F79EFBC}") = "Unity.RenderPipelines.Core.Runtime", "Unity.RenderPipelines.Core.Runtime.csproj", "{3d835ad3-4de7-26c0-86ff-3e694e9e024d}"
EndProject
Project("{FAE04EC0-301F-11D3-BF4B-00C04F79EFBC}") = "UnityEngine.TestRunner", "UnityEngine.TestRunner.csproj", "{3adee074-3477-92db-d480-2b15f1a340bf}"
EndProject
Project("{FAE04EC0-301F-11D3-BF4B-00C04F79EFBC}") = "Unity.RenderPipelines.HighDefinition.Runtime", "Unity.RenderPipelines.HighDefinition.Runtime.csproj", "{a3a58f3a-0400-b3d1-ce4a-2c2ad8de6d41}"
EndProject
Project("{FAE04EC0-301F-11D3-BF4B-00C04F79EFBC}") = "Unity.TextMeshPro", "Unity.TextMeshPro.csproj", "{8d71dd6b-40dd-42ba-a075-6f69d1193500}"
EndProject
Project("{FAE04EC0-301F-11D3-BF4B-00C04F79EFBC}") = "Unity.VisualEffectGraph.Runtime", "Unity.VisualEffectGraph.Runtime.csproj", "{b2cf7d6f-965f-1766-d219-e9beaa93f618}"
EndProject
Project("{FAE04EC0-301F-11D3-BF4B-00C04F79EFBC}") = "Cinemachine", "Cinemachine.csproj", "{07830e37-335e-b7cc-fb8e-53cac0668c49}"
EndProject
Project("{FAE04EC0-301F-11D3-BF4B-00C04F79EFBC}") = "Unity.Timeline", "Unity.Timeline.csproj", "{580f465d-fdca-07d7-25ea-19248de840f7}"
EndProject
Project("{FAE04EC0-301F-11D3-BF4B-00C04F79EFBC}") = "Assembly-CSharp", "Assembly-CSharp.csproj", "{8441f412-22a4-275f-22e6-507969043f15}"
EndProject
Project("{FAE04EC0-301F-11D3-BF4B-00C04F79EFBC}") = "Unity.RenderPipelines.Core.ShaderLibrary", "Unity.RenderPipelines.Core.ShaderLibrary.csproj", "{519cf978-3c36-b33e-66c3-f8d543cb0020}"
EndProject
Project("{FAE04EC0-301F-11D3-BF4B-00C04F79EFBC}") = "Unity.RenderPipelines.ShaderGraph.ShaderGraphLibrary", "Unity.RenderPipelines.ShaderGraph.ShaderGraphLibrary.csproj", "{38be4fe7-4973-eee3-f59f-65586c47bc70}"
EndProject
Project("{FAE04EC0-301F-11D3-BF4B-00C04F79EFBC}") = "Unity.RenderPipelines.HighDefinition.Config.Runtime", "Unity.RenderPipelines.HighDefinition.Config.Runtime.csproj", "{5b6748f9-8a64-59d9-653a-35133b3a04c6}"
EndProject
Project("{FAE04EC0-301F-11D3-BF4B-00C04F79EFBC}") = "Unity.RenderPipelines.HighDefinition.Editor", "Unity.RenderPipelines.HighDefinition.Editor.csproj", "{8a15ff6f-dd3e-f458-43bf-7c7fd880cf78}"
EndProject
Project("{FAE04EC0-301F-11D3-BF4B-00C04F79EFBC}") = "Unity.ShaderGraph.Editor", "Unity.ShaderGraph.Editor.csproj", "{080b4d96-dc23-12cc-89ea-52f51a9bc3b7}"
EndProject
Project("{FAE04EC0-301F-11D3-BF4B-00C04F79EFBC}") = "Unity.VisualEffectGraph.Editor", "Unity.VisualEffectGraph.Editor.csproj", "{71de88dc-0ac0-b80a-18b1-ea3661520e1d}"
EndProject
Project("{FAE04EC0-301F-11D3-BF4B-00C04F79EFBC}") = "Unity.VisualStudio.Editor", "Unity.VisualStudio.Editor.csproj", "{6805584b-9530-10d5-222e-abc84e47fecf}"
EndProject
Project("{FAE04EC0-301F-11D3-BF4B-00C04F79EFBC}") = "Unity.Timeline.Editor", "Unity.Timeline.Editor.csproj", "{833d5cb4-bd07-5d94-ffa3-9eedba5ff57e}"
EndProject
Project("{FAE04EC0-301F-11D3-BF4B-00C04F79EFBC}") = "com.unity.cinemachine.editor", "com.unity.cinemachine.editor.csproj", "{860e6c1d-5a34-40d3-048d-48689b42a856}"
EndProject
Project("{FAE04EC0-301F-11D3-BF4B-00C04F79EFBC}") = "Unity.TextMeshPro.Editor", "Unity.TextMeshPro.Editor.csproj", "{fd665364-c963-e163-6596-4c20ad8e4434}"
EndProject
Project("{FAE04EC0-301F-11D3-BF4B-00C04F79EFBC}") = "Unity.CollabProxy.Editor", "Unity.CollabProxy.Editor.csproj", "{99c97f0f-8c74-0c1d-355e-c9477d12fc2c}"
EndProject
Project("{FAE04EC0-301F-11D3-BF4B-00C04F79EFBC}") = "UnityEditor.TestRunner", "UnityEditor.TestRunner.csproj", "{127eea2a-80d7-fc35-47a6-a996cd9e6682}"
EndProject
Project("{FAE04EC0-301F-11D3-BF4B-00C04F79EFBC}") = "Unity.Rider.Editor", "Unity.Rider.Editor.csproj", "{25ade108-912d-7485-4125-aac4e3673b6a}"
EndProject
Project("{FAE04EC0-301F-11D3-BF4B-00C04F79EFBC}") = "Unity.RenderPipelines.Core.Editor", "Unity.RenderPipelines.Core.Editor.csproj", "{40a11c74-5b85-49cf-80b3-c95e2e3ed3fb}"
EndProject
Project("{FAE04EC0-301F-11D3-BF4B-00C04F79EFBC}") = "Unity.Searcher.Editor", "Unity.Searcher.Editor.csproj", "{1709ca23-be6b-6b11-629d-d425bbd0afc6}"
EndProject
Project("{FAE04EC0-301F-11D3-BF4B-00C04F79EFBC}") = "Unity.VSCode.Editor", "Unity.VSCode.Editor.csproj", "{1249e745-55ff-a8e3-0f78-da587d5db6fe}"
EndProject
Project("{FAE04EC0-301F-11D3-BF4B-00C04F79EFBC}") = "UnityEditor.UI", "UnityEditor.UI.csproj", "{aa10a73a-0fb6-07c5-fcce-bc576a35745b}"
EndProject
Project("{FAE04EC0-301F-11D3-BF4B-00C04F79EFBC}") = "Assembly-CSharp-Editor", "Assembly-CSharp-Editor.csproj", "{9cf74455-0653-9f90-c855-53d6959d5dfd}"
EndProject
Project("{FAE04EC0-301F-11D3-BF4B-00C04F79EFBC}") = "Unity.ShaderGraph.Utilities", "Unity.ShaderGraph.Utilities.csproj", "{bbc999dc-6f79-c612-ef3f-c896533d717c}"
EndProject
Global
	GlobalSection(SolutionConfigurationPlatforms) = preSolution
		Debug|Any CPU = Debug|Any CPU
	EndGlobalSection
	GlobalSection(ProjectConfigurationPlatforms) = postSolution
		{4e97dac8-471b-8ebc-e6a8-7bf55a8b1a61}.Debug|Any CPU.ActiveCfg = Debug|Any CPU
		{4e97dac8-471b-8ebc-e6a8-7bf55a8b1a61}.Debug|Any CPU.Build.0 = Debug|Any CPU
		{3d835ad3-4de7-26c0-86ff-3e694e9e024d}.Debug|Any CPU.ActiveCfg = Debug|Any CPU
		{3d835ad3-4de7-26c0-86ff-3e694e9e024d}.Debug|Any CPU.Build.0 = Debug|Any CPU
		{3adee074-3477-92db-d480-2b15f1a340bf}.Debug|Any CPU.ActiveCfg = Debug|Any CPU
		{3adee074-3477-92db-d480-2b15f1a340bf}.Debug|Any CPU.Build.0 = Debug|Any CPU
		{a3a58f3a-0400-b3d1-ce4a-2c2ad8de6d41}.Debug|Any CPU.ActiveCfg = Debug|Any CPU
		{a3a58f3a-0400-b3d1-ce4a-2c2ad8de6d41}.Debug|Any CPU.Build.0 = Debug|Any CPU
		{8d71dd6b-40dd-42ba-a075-6f69d1193500}.Debug|Any CPU.ActiveCfg = Debug|Any CPU
		{8d71dd6b-40dd-42ba-a075-6f69d1193500}.Debug|Any CPU.Build.0 = Debug|Any CPU
		{b2cf7d6f-965f-1766-d219-e9beaa93f618}.Debug|Any CPU.ActiveCfg = Debug|Any CPU
		{b2cf7d6f-965f-1766-d219-e9beaa93f618}.Debug|Any CPU.Build.0 = Debug|Any CPU
		{07830e37-335e-b7cc-fb8e-53cac0668c49}.Debug|Any CPU.ActiveCfg = Debug|Any CPU
		{07830e37-335e-b7cc-fb8e-53cac0668c49}.Debug|Any CPU.Build.0 = Debug|Any CPU
		{580f465d-fdca-07d7-25ea-19248de840f7}.Debug|Any CPU.ActiveCfg = Debug|Any CPU
		{580f465d-fdca-07d7-25ea-19248de840f7}.Debug|Any CPU.Build.0 = Debug|Any CPU
		{8441f412-22a4-275f-22e6-507969043f15}.Debug|Any CPU.ActiveCfg = Debug|Any CPU
		{8441f412-22a4-275f-22e6-507969043f15}.Debug|Any CPU.Build.0 = Debug|Any CPU
		{519cf978-3c36-b33e-66c3-f8d543cb0020}.Debug|Any CPU.ActiveCfg = Debug|Any CPU
		{519cf978-3c36-b33e-66c3-f8d543cb0020}.Debug|Any CPU.Build.0 = Debug|Any CPU
		{38be4fe7-4973-eee3-f59f-65586c47bc70}.Debug|Any CPU.ActiveCfg = Debug|Any CPU
		{38be4fe7-4973-eee3-f59f-65586c47bc70}.Debug|Any CPU.Build.0 = Debug|Any CPU
		{5b6748f9-8a64-59d9-653a-35133b3a04c6}.Debug|Any CPU.ActiveCfg = Debug|Any CPU
		{5b6748f9-8a64-59d9-653a-35133b3a04c6}.Debug|Any CPU.Build.0 = Debug|Any CPU
		{8a15ff6f-dd3e-f458-43bf-7c7fd880cf78}.Debug|Any CPU.ActiveCfg = Debug|Any CPU
		{8a15ff6f-dd3e-f458-43bf-7c7fd880cf78}.Debug|Any CPU.Build.0 = Debug|Any CPU
		{080b4d96-dc23-12cc-89ea-52f51a9bc3b7}.Debug|Any CPU.ActiveCfg = Debug|Any CPU
		{080b4d96-dc23-12cc-89ea-52f51a9bc3b7}.Debug|Any CPU.Build.0 = Debug|Any CPU
		{71de88dc-0ac0-b80a-18b1-ea3661520e1d}.Debug|Any CPU.ActiveCfg = Debug|Any CPU
		{71de88dc-0ac0-b80a-18b1-ea3661520e1d}.Debug|Any CPU.Build.0 = Debug|Any CPU
		{6805584b-9530-10d5-222e-abc84e47fecf}.Debug|Any CPU.ActiveCfg = Debug|Any CPU
		{6805584b-9530-10d5-222e-abc84e47fecf}.Debug|Any CPU.Build.0 = Debug|Any CPU
		{833d5cb4-bd07-5d94-ffa3-9eedba5ff57e}.Debug|Any CPU.ActiveCfg = Debug|Any CPU
		{833d5cb4-bd07-5d94-ffa3-9eedba5ff57e}.Debug|Any CPU.Build.0 = Debug|Any CPU
		{860e6c1d-5a34-40d3-048d-48689b42a856}.Debug|Any CPU.ActiveCfg = Debug|Any CPU
		{860e6c1d-5a34-40d3-048d-48689b42a856}.Debug|Any CPU.Build.0 = Debug|Any CPU
		{fd665364-c963-e163-6596-4c20ad8e4434}.Debug|Any CPU.ActiveCfg = Debug|Any CPU
		{fd665364-c963-e163-6596-4c20ad8e4434}.Debug|Any CPU.Build.0 = Debug|Any CPU
		{99c97f0f-8c74-0c1d-355e-c9477d12fc2c}.Debug|Any CPU.ActiveCfg = Debug|Any CPU
		{99c97f0f-8c74-0c1d-355e-c9477d12fc2c}.Debug|Any CPU.Build.0 = Debug|Any CPU
		{127eea2a-80d7-fc35-47a6-a996cd9e6682}.Debug|Any CPU.ActiveCfg = Debug|Any CPU
		{127eea2a-80d7-fc35-47a6-a996cd9e6682}.Debug|Any CPU.Build.0 = Debug|Any CPU
		{25ade108-912d-7485-4125-aac4e3673b6a}.Debug|Any CPU.ActiveCfg = Debug|Any CPU
		{25ade108-912d-7485-4125-aac4e3673b6a}.Debug|Any CPU.Build.0 = Debug|Any CPU
		{40a11c74-5b85-49cf-80b3-c95e2e3ed3fb}.Debug|Any CPU.ActiveCfg = Debug|Any CPU
		{40a11c74-5b85-49cf-80b3-c95e2e3ed3fb}.Debug|Any CPU.Build.0 = Debug|Any CPU
		{1709ca23-be6b-6b11-629d-d425bbd0afc6}.Debug|Any CPU.ActiveCfg = Debug|Any CPU
		{1709ca23-be6b-6b11-629d-d425bbd0afc6}.Debug|Any CPU.Build.0 = Debug|Any CPU
		{1249e745-55ff-a8e3-0f78-da587d5db6fe}.Debug|Any CPU.ActiveCfg = Debug|Any CPU
		{1249e745-55ff-a8e3-0f78-da587d5db6fe}.Debug|Any CPU.Build.0 = Debug|Any CPU
		{aa10a73a-0fb6-07c5-fcce-bc576a35745b}.Debug|Any CPU.ActiveCfg = Debug|Any CPU
		{aa10a73a-0fb6-07c5-fcce-bc576a35745b}.Debug|Any CPU.Build.0 = Debug|Any CPU
		{9cf74455-0653-9f90-c855-53d6959d5dfd}.Debug|Any CPU.ActiveCfg = Debug|Any CPU
		{9cf74455-0653-9f90-c855-53d6959d5dfd}.Debug|Any CPU.Build.0 = Debug|Any CPU
		{bbc999dc-6f79-c612-ef3f-c896533d717c}.Debug|Any CPU.ActiveCfg = Debug|Any CPU
		{bbc999dc-6f79-c612-ef3f-c896533d717c}.Debug|Any CPU.Build.0 = Debug|Any CPU
	EndGlobalSection
	GlobalSection(SolutionProperties) = preSolution
		HideSolutionNode = FALSE
	EndGlobalSection
EndGlobal
